
Microsoft Visual Studio Solution File, Format Version 12.00
# Visual Studio Version 17
VisualStudioVersion = 17.3.32901.215
MinimumVisualStudioVersion = 10.0.40219.1
Project("{FAE04EC0-301F-11D3-BF4B-00C04F79EFBC}") = "WallpaperFetch", "WallpaperFetch.csproj", "{F2FF2DE9-C4C6-4722-BC72-D7171E17B1BA}"
EndProject
Global
	GlobalSection(SolutionConfigurationPlatforms) = preSolution
		Debug|Any CPU = Debug|Any CPU
		Release|Any CPU = Release|Any CPU
	EndGlobalSection
	GlobalSection(ProjectConfigurationPlatforms) = postSolution
		{F2FF2DE9-C4C6-4722-BC72-D7171E17B1BA}.Debug|Any CPU.ActiveCfg = Debug|Any CPU
		{F2FF2DE9-C4C6-4722-BC72-D7171E17B1BA}.Debug|Any CPU.Build.0 = Debug|Any CPU
		{F2FF2DE9-C4C6-4722-BC72-D7171E17B1BA}.Release|Any CPU.ActiveCfg = Release|Any CPU
		{F2FF2DE9-C4C6-4722-BC72-D7171E17B1BA}.Release|Any CPU.Build.0 = Release|Any CPU
	EndGlobalSection
	GlobalSection(SolutionProperties) = preSolution
		HideSolutionNode = FALSE
	EndGlobalSection
	GlobalSection(ExtensibilityGlobals) = postSolution
		SolutionGuid = {405BB301-364A-48F0-80A9-5E66278ED744}
	EndGlobalSection
EndGlobal
